
Microsoft Visual Studio Solution File, Format Version 12.00
# Visual Studio 15
VisualStudioVersion = 15.0.27428.2037
MinimumVisualStudioVersion = 10.0.40219.1
Project("{FAE04EC0-301F-11D3-BF4B-00C04F79EFBC}") = "FoodCity", "FoodCity\FoodCity.csproj", "{69DA9C1D-2B78-46F6-982F-6D7F3F62F59F}"
EndProject
Project("{FAE04EC0-301F-11D3-BF4B-00C04F79EFBC}") = "FoodCityBackstage", "FoodCityBackstage\FoodCityBackstage.csproj", "{82BFDC68-EFF3-423F-872B-5E64541DF8C6}"
EndProject
Project("{FAE04EC0-301F-11D3-BF4B-00C04F79EFBC}") = "FoodCityApi", "FoodCityApi\FoodCityApi.csproj", "{E2D0513C-8FC0-4011-8E7B-82888ECB9271}"
EndProject
Global
	GlobalSection(SolutionConfigurationPlatforms) = preSolution
		Debug|Any CPU = Debug|Any CPU
		Release|Any CPU = Release|Any CPU
	EndGlobalSection
	GlobalSection(ProjectConfigurationPlatforms) = postSolution
		{69DA9C1D-2B78-46F6-982F-6D7F3F62F59F}.Debug|Any CPU.ActiveCfg = Debug|Any CPU
		{69DA9C1D-2B78-46F6-982F-6D7F3F62F59F}.Debug|Any CPU.Build.0 = Debug|Any CPU
		{69DA9C1D-2B78-46F6-982F-6D7F3F62F59F}.Release|Any CPU.ActiveCfg = Release|Any CPU
		{69DA9C1D-2B78-46F6-982F-6D7F3F62F59F}.Release|Any CPU.Build.0 = Release|Any CPU
		{82BFDC68-EFF3-423F-872B-5E64541DF8C6}.Debug|Any CPU.ActiveCfg = Debug|Any CPU
		{82BFDC68-EFF3-423F-872B-5E64541DF8C6}.Debug|Any CPU.Build.0 = Debug|Any CPU
		{82BFDC68-EFF3-423F-872B-5E64541DF8C6}.Release|Any CPU.ActiveCfg = Release|Any CPU
		{82BFDC68-EFF3-423F-872B-5E64541DF8C6}.Release|Any CPU.Build.0 = Release|Any CPU
		{E2D0513C-8FC0-4011-8E7B-82888ECB9271}.Debug|Any CPU.ActiveCfg = Debug|Any CPU
		{E2D0513C-8FC0-4011-8E7B-82888ECB9271}.Debug|Any CPU.Build.0 = Debug|Any CPU
		{E2D0513C-8FC0-4011-8E7B-82888ECB9271}.Release|Any CPU.ActiveCfg = Release|Any CPU
		{E2D0513C-8FC0-4011-8E7B-82888ECB9271}.Release|Any CPU.Build.0 = Release|Any CPU
	EndGlobalSection
	GlobalSection(SolutionProperties) = preSolution
		HideSolutionNode = FALSE
	EndGlobalSection
	GlobalSection(ExtensibilityGlobals) = postSolution
		SolutionGuid = {182A8CFD-59E9-461C-863C-EC4E63E7BD26}
	EndGlobalSection
EndGlobal
